PODS:
  - Alamofire (4.7.3)
  - GoogleMaps (2.7.0):
    - GoogleMaps/Maps (= 2.7.0)
  - GoogleMaps/Base (2.7.0)
  - GoogleMaps/Maps (2.7.0):
    - GoogleMaps/Base
  - GoogleMapsDirections (1.1.4):
    - Alamofire (~> 4)
    - ObjectMapper (~> 3)
  - GooglePlacesAPI (1.1.4):
    - Alamofire (~> 4)
    - ObjectMapper (~> 3)
  - ObjectMapper (3.3.0)

DEPENDENCIES:
  - GoogleMaps
  - GoogleMapsDirections (from `../GoogleMapsDirections.podspec`)
  - GooglePlacesAPI (from `../GooglePlacesAPI.podspec`)

SPEC REPOS:
  https://github.com/cocoapods/specs.git:
    - Alamofire
    - GoogleMaps
    - ObjectMapper

EXTERNAL SOURCES:
  GoogleMapsDirections:
    :path: "../GoogleMapsDirections.podspec"
  GooglePlacesAPI:
    :path: "../GooglePlacesAPI.podspec"

SPEC CHECKSUMS:
  Alamofire: c7287b6e5d7da964a70935e5db17046b7fde6568
  GoogleMaps: f79af95cb24d869457b1f961c93d3ce8b2f3b848
  GoogleMapsDirections: 7e6b825d50af94cfe47bfd8b0fac9508f760d6a2
  GooglePlacesAPI: 42600345b9df5b0b7dc2816f953c7cffe163092a
  ObjectMapper: b612bf8c8e99c4dc0bb6013a51f7c27966ed5da9

PODFILE CHECKSUM: 161bb96c63f609f04c7568a1558b0e2c9c0b98a1

COCOAPODS: 1.6.0.beta.1
