// !$*UTF8*$!
{
	archiveVersion = 1;
	classes = {
	};
	objectVersion = 46;
	objects = {

/* Begin PBXBuildFile section */
		023157111C79065D003370A2 /* Alamofire.framework in Frameworks */ = {isa = PBXBuildFile; fileRef = 02DDFEAE1C6ECE0F008413ED /* Alamofire.framework */; };
		023157121C790662003370A2 /* ObjectMapper.framework in Frameworks */ = {isa = PBXBuildFile; fileRef = 02DDFEC61C6ECE16008413ED /* ObjectMapper.framework */; };
		023157131C79066A003370A2 /* GooglePlaces.h in Headers */ = {isa = PBXBuildFile; fileRef = 02DDFE8C1C6ECDE7008413ED /* GooglePlaces.h */; settings = {ATTRIBUTES = (Public, ); }; };
		023157141C79066B003370A2 /* GooglePlaces.h in Headers */ = {isa = PBXBuildFile; fileRef = 02DDFE8C1C6ECDE7008413ED /* GooglePlaces.h */; settings = {ATTRIBUTES = (Public, ); }; };
		023157151C79066C003370A2 /* GooglePlaces.h in Headers */ = {isa = PBXBuildFile; fileRef = 02DDFE8C1C6ECDE7008413ED /* GooglePlaces.h */; settings = {ATTRIBUTES = (Public, ); }; };
		023157161C790675003370A2 /* SharedTypes.swift in Sources */ = {isa = PBXBuildFile; fileRef = 02DDFEFD1C6ED050008413ED /* SharedTypes.swift */; };
		023157171C790675003370A2 /* GoogleMapsService.swift in Sources */ = {isa = PBXBuildFile; fileRef = 02DDFF231C6ED19E008413ED /* GoogleMapsService.swift */; };
		023157181C790675003370A2 /* Dictionary+Extensions.swift in Sources */ = {isa = PBXBuildFile; fileRef = 02DDFF601C6FF389008413ED /* Dictionary+Extensions.swift */; };
		023157191C79067A003370A2 /* Types.swift in Sources */ = {isa = PBXBuildFile; fileRef = 02DDFF211C6ED0DE008413ED /* Types.swift */; };
		0231571A1C79067A003370A2 /* GooglePlaces.swift in Sources */ = {isa = PBXBuildFile; fileRef = 02DDFF111C6ED0D2008413ED /* GooglePlaces.swift */; };
		0231571B1C79067A003370A2 /* PlaceAutocompleteResponse.swift in Sources */ = {isa = PBXBuildFile; fileRef = 02DDFF401C6FE301008413ED /* PlaceAutocompleteResponse.swift */; };
		0231573E1C791116003370A2 /* PlaceDetailsResponse.swift in Sources */ = {isa = PBXBuildFile; fileRef = 0231573D1C791116003370A2 /* PlaceDetailsResponse.swift */; };
		0231575A1C7916E7003370A2 /* LocationCoordinate2DTransform.swift in Sources */ = {isa = PBXBuildFile; fileRef = 023157591C7916E7003370A2 /* LocationCoordinate2DTransform.swift */; };
		0231575B1C7916E7003370A2 /* LocationCoordinate2DTransform.swift in Sources */ = {isa = PBXBuildFile; fileRef = 023157591C7916E7003370A2 /* LocationCoordinate2DTransform.swift */; };
		0231575C1C7916E7003370A2 /* LocationCoordinate2DTransform.swift in Sources */ = {isa = PBXBuildFile; fileRef = 023157591C7916E7003370A2 /* LocationCoordinate2DTransform.swift */; };
		0231575D1C7916E7003370A2 /* LocationCoordinate2DTransform.swift in Sources */ = {isa = PBXBuildFile; fileRef = 023157591C7916E7003370A2 /* LocationCoordinate2DTransform.swift */; };
		023157641C792363003370A2 /* DateTransformInteger.swift in Sources */ = {isa = PBXBuildFile; fileRef = 023157631C792363003370A2 /* DateTransformInteger.swift */; };
		023157651C792363003370A2 /* DateTransformInteger.swift in Sources */ = {isa = PBXBuildFile; fileRef = 023157631C792363003370A2 /* DateTransformInteger.swift */; };
		023157661C792363003370A2 /* DateTransformInteger.swift in Sources */ = {isa = PBXBuildFile; fileRef = 023157631C792363003370A2 /* DateTransformInteger.swift */; };
		023157671C792363003370A2 /* DateTransformInteger.swift in Sources */ = {isa = PBXBuildFile; fileRef = 023157631C792363003370A2 /* DateTransformInteger.swift */; };
		0231576D1C794630003370A2 /* PlaceDetailsTests.swift in Sources */ = {isa = PBXBuildFile; fileRef = 023157681C7945FE003370A2 /* PlaceDetailsTests.swift */; };
		0231576E1C794630003370A2 /* PlaceDetailsTests.swift in Sources */ = {isa = PBXBuildFile; fileRef = 023157681C7945FE003370A2 /* PlaceDetailsTests.swift */; };
		0231576F1C794631003370A2 /* PlaceDetailsTests.swift in Sources */ = {isa = PBXBuildFile; fileRef = 023157681C7945FE003370A2 /* PlaceDetailsTests.swift */; };
		02929E4F1C74DB5000038F9D /* GooglePlaces.framework in Frameworks */ = {isa = PBXBuildFile; fileRef = 02929E451C74DB5000038F9D /* GooglePlaces.framework */; };
		02929E781C74DC2D00038F9D /* SharedTypes.swift in Sources */ = {isa = PBXBuildFile; fileRef = 02DDFEFD1C6ED050008413ED /* SharedTypes.swift */; };
		02929E791C74DC2D00038F9D /* GoogleMapsService.swift in Sources */ = {isa = PBXBuildFile; fileRef = 02DDFF231C6ED19E008413ED /* GoogleMapsService.swift */; };
		02929E7A1C74DC2D00038F9D /* Dictionary+Extensions.swift in Sources */ = {isa = PBXBuildFile; fileRef = 02DDFF601C6FF389008413ED /* Dictionary+Extensions.swift */; };
		02929E7B1C74DC3000038F9D /* Types.swift in Sources */ = {isa = PBXBuildFile; fileRef = 02DDFF211C6ED0DE008413ED /* Types.swift */; };
		02929E7C1C74DC3000038F9D /* GooglePlaces.swift in Sources */ = {isa = PBXBuildFile; fileRef = 02DDFF111C6ED0D2008413ED /* GooglePlaces.swift */; };
		02929E7D1C74DC3000038F9D /* PlaceAutocompleteResponse.swift in Sources */ = {isa = PBXBuildFile; fileRef = 02DDFF401C6FE301008413ED /* PlaceAutocompleteResponse.swift */; };
		02929E7E1C74DC3300038F9D /* PlaceAutocompleteTests.swift in Sources */ = {isa = PBXBuildFile; fileRef = 02DDFE981C6ECDE7008413ED /* PlaceAutocompleteTests.swift */; };
		02929E7F1C74DC9600038F9D /* Alamofire.framework in Frameworks */ = {isa = PBXBuildFile; fileRef = 02DDFEAE1C6ECE0F008413ED /* Alamofire.framework */; };
		02929E801C74DC9D00038F9D /* ObjectMapper.framework in Frameworks */ = {isa = PBXBuildFile; fileRef = 02DDFEC61C6ECE16008413ED /* ObjectMapper.framework */; };
		02DDFE8D1C6ECDE7008413ED /* GooglePlaces.h in Headers */ = {isa = PBXBuildFile; fileRef = 02DDFE8C1C6ECDE7008413ED /* GooglePlaces.h */; settings = {ATTRIBUTES = (Public, ); }; };
		02DDFE941C6ECDE7008413ED /* GooglePlaces.framework in Frameworks */ = {isa = PBXBuildFile; fileRef = 02DDFE891C6ECDE7008413ED /* GooglePlaces.framework */; };
		02DDFE991C6ECDE7008413ED /* PlaceAutocompleteTests.swift in Sources */ = {isa = PBXBuildFile; fileRef = 02DDFE981C6ECDE7008413ED /* PlaceAutocompleteTests.swift */; };
		02DDFEFE1C6ED050008413ED /* SharedTypes.swift in Sources */ = {isa = PBXBuildFile; fileRef = 02DDFEFD1C6ED050008413ED /* SharedTypes.swift */; };
		02DDFF121C6ED0D2008413ED /* GooglePlaces.swift in Sources */ = {isa = PBXBuildFile; fileRef = 02DDFF111C6ED0D2008413ED /* GooglePlaces.swift */; };
		02DDFF221C6ED0DE008413ED /* Types.swift in Sources */ = {isa = PBXBuildFile; fileRef = 02DDFF211C6ED0DE008413ED /* Types.swift */; };
		02DDFF241C6ED19E008413ED /* GoogleMapsService.swift in Sources */ = {isa = PBXBuildFile; fileRef = 02DDFF231C6ED19E008413ED /* GoogleMapsService.swift */; };
		02DDFF411C6FE301008413ED /* PlaceAutocompleteResponse.swift in Sources */ = {isa = PBXBuildFile; fileRef = 02DDFF401C6FE301008413ED /* PlaceAutocompleteResponse.swift */; };
		02DDFF611C6FF389008413ED /* Dictionary+Extensions.swift in Sources */ = {isa = PBXBuildFile; fileRef = 02DDFF601C6FF389008413ED /* Dictionary+Extensions.swift */; };
		02EDBE2C1C781BA600C92D1E /* GooglePlaces.framework in Frameworks */ = {isa = PBXBuildFile; fileRef = 02EDBE221C781BA600C92D1E /* GooglePlaces.framework */; };
		02EDBE471C781C1900C92D1E /* SharedTypes.swift in Sources */ = {isa = PBXBuildFile; fileRef = 02DDFEFD1C6ED050008413ED /* SharedTypes.swift */; };
		02EDBE481C781C1900C92D1E /* GoogleMapsService.swift in Sources */ = {isa = PBXBuildFile; fileRef = 02DDFF231C6ED19E008413ED /* GoogleMapsService.swift */; };
		02EDBE491C781C1900C92D1E /* Dictionary+Extensions.swift in Sources */ = {isa = PBXBuildFile; fileRef = 02DDFF601C6FF389008413ED /* Dictionary+Extensions.swift */; };
		02EDBE4A1C781C1C00C92D1E /* Types.swift in Sources */ = {isa = PBXBuildFile; fileRef = 02DDFF211C6ED0DE008413ED /* Types.swift */; };
		02EDBE4B1C781C1C00C92D1E /* GooglePlaces.swift in Sources */ = {isa = PBXBuildFile; fileRef = 02DDFF111C6ED0D2008413ED /* GooglePlaces.swift */; };
		02EDBE4C1C781C1C00C92D1E /* PlaceAutocompleteResponse.swift in Sources */ = {isa = PBXBuildFile; fileRef = 02DDFF401C6FE301008413ED /* PlaceAutocompleteResponse.swift */; };
		02EDBE4D1C781C2100C92D1E /* PlaceAutocompleteTests.swift in Sources */ = {isa = PBXBuildFile; fileRef = 02DDFE981C6ECDE7008413ED /* PlaceAutocompleteTests.swift */; };
		02F845311C70342A00069928 /* Alamofire.framework in Frameworks */ = {isa = PBXBuildFile; fileRef = 02DDFEAE1C6ECE0F008413ED /* Alamofire.framework */; };
		02F845391C70342D00069928 /* ObjectMapper.framework in Frameworks */ = {isa = PBXBuildFile; fileRef = 02DDFEC61C6ECE16008413ED /* ObjectMapper.framework */; };
/* End PBXBuildFile section */

/* Begin PBXContainerItemProxy section */
		02929E501C74DB5000038F9D /* PBXContainerItemProxy */ = {
			isa = PBXContainerItemProxy;
			containerPortal = 02DDFE801C6ECDE7008413ED /* Project object */;
			proxyType = 1;
			remoteGlobalIDString = 02929E441C74DB5000038F9D;
			remoteInfo = "GooglePlaces OSX";
		};
		02DDFE951C6ECDE7008413ED /* PBXContainerItemProxy */ = {
			isa = PBXContainerItemProxy;
			containerPortal = 02DDFE801C6ECDE7008413ED /* Project object */;
			proxyType = 1;
			remoteGlobalIDString = 02DDFE881C6ECDE7008413ED;
			remoteInfo = GooglePlaces;
		};
		02DDFEAD1C6ECE0F008413ED /* PBXContainerItemProxy */ = {
			isa = PBXContainerItemProxy;
			containerPortal = 02DDFEA31C6ECE0F008413ED /* Alamofire.xcodeproj */;
			proxyType = 2;
			remoteGlobalIDString = F8111E3319A95C8B0040E7D1;
			remoteInfo = "Alamofire iOS";
		};
		02DDFEAF1C6ECE0F008413ED /* PBXContainerItemProxy */ = {
			isa = PBXContainerItemProxy;
			containerPortal = 02DDFEA31C6ECE0F008413ED /* Alamofire.xcodeproj */;
			proxyType = 2;
			remoteGlobalIDString = F8111E3E19A95C8B0040E7D1;
			remoteInfo = "Alamofire iOS Tests";
		};
		02DDFEB11C6ECE0F008413ED /* PBXContainerItemProxy */ = {
			isa = PBXContainerItemProxy;
			containerPortal = 02DDFEA31C6ECE0F008413ED /* Alamofire.xcodeproj */;
			proxyType = 2;
			remoteGlobalIDString = 4DD67C0B1A5C55C900ED2280;
			remoteInfo = "Alamofire OSX";
		};
		02DDFEB31C6ECE0F008413ED /* PBXContainerItemProxy */ = {
			isa = PBXContainerItemProxy;
			containerPortal = 02DDFEA31C6ECE0F008413ED /* Alamofire.xcodeproj */;
			proxyType = 2;
			remoteGlobalIDString = F829C6B21A7A94F100A2CD59;
			remoteInfo = "Alamofire OSX Tests";
		};
		02DDFEB51C6ECE0F008413ED /* PBXContainerItemProxy */ = {
			isa = PBXContainerItemProxy;
			containerPortal = 02DDFEA31C6ECE0F008413ED /* Alamofire.xcodeproj */;
			proxyType = 2;
			remoteGlobalIDString = 4CF626EF1BA7CB3E0011A099;
			remoteInfo = "Alamofire tvOS";
		};
		02DDFEB71C6ECE0F008413ED /* PBXContainerItemProxy */ = {
			isa = PBXContainerItemProxy;
			containerPortal = 02DDFEA31C6ECE0F008413ED /* Alamofire.xcodeproj */;
			proxyType = 2;
			remoteGlobalIDString = 4CF626F81BA7CB3E0011A099;
			remoteInfo = "Alamofire tvOS Tests";
		};
		02DDFEB91C6ECE0F008413ED /* PBXContainerItemProxy */ = {
			isa = PBXContainerItemProxy;
			containerPortal = 02DDFEA31C6ECE0F008413ED /* Alamofire.xcodeproj */;
			proxyType = 2;
			remoteGlobalIDString = E4202FE01B667AA100C997FB;
			remoteInfo = "Alamofire watchOS";
		};
		02DDFEC51C6ECE16008413ED /* PBXContainerItemProxy */ = {
			isa = PBXContainerItemProxy;
			containerPortal = 02DDFEBB1C6ECE15008413ED /* ObjectMapper.xcodeproj */;
			proxyType = 2;
			remoteGlobalIDString = 6AAC8F7619F03C2900E7A677;
			remoteInfo = "ObjectMapper-iOS";
		};
		02DDFEC71C6ECE16008413ED /* PBXContainerItemProxy */ = {
			isa = PBXContainerItemProxy;
			containerPortal = 02DDFEBB1C6ECE15008413ED /* ObjectMapper.xcodeproj */;
			proxyType = 2;
			remoteGlobalIDString = CD1602FF1AC023D5000CD69A;
			remoteInfo = "ObjectMapper-Mac";
		};
		02DDFEC91C6ECE16008413ED /* PBXContainerItemProxy */ = {
			isa = PBXContainerItemProxy;
			containerPortal = 02DDFEBB1C6ECE15008413ED /* ObjectMapper.xcodeproj */;
			proxyType = 2;
			remoteGlobalIDString = 6A2AD03D1B2C78540097E150;
			remoteInfo = "ObjectMapper-watchOS";
		};
		02DDFECB1C6ECE16008413ED /* PBXContainerItemProxy */ = {
			isa = PBXContainerItemProxy;
			containerPortal = 02DDFEBB1C6ECE15008413ED /* ObjectMapper.xcodeproj */;
			proxyType = 2;
			remoteGlobalIDString = 6A05B7A61BE274BE00F19B53;
			remoteInfo = "ObjectMapper-tvOS";
		};
		02DDFECD1C6ECE16008413ED /* PBXContainerItemProxy */ = {
			isa = PBXContainerItemProxy;
			containerPortal = 02DDFEBB1C6ECE15008413ED /* ObjectMapper.xcodeproj */;
			proxyType = 2;
			remoteGlobalIDString = 6AAC8F8119F03C2900E7A677;
			remoteInfo = "ObjectMapper-iOSTests";
		};
		02DDFECF1C6ECE16008413ED /* PBXContainerItemProxy */ = {
			isa = PBXContainerItemProxy;
			containerPortal = 02DDFEBB1C6ECE15008413ED /* ObjectMapper.xcodeproj */;
			proxyType = 2;
			remoteGlobalIDString = CD1603091AC023D6000CD69A;
			remoteInfo = "ObjectMapper-MacTests";
		};
		02DDFED11C6ECE16008413ED /* PBXContainerItemProxy */ = {
			isa = PBXContainerItemProxy;
			containerPortal = 02DDFEBB1C6ECE15008413ED /* ObjectMapper.xcodeproj */;
			proxyType = 2;
			remoteGlobalIDString = 6A05B7AF1BE274BE00F19B53;
			remoteInfo = "ObjectMapper-tvOSTests";
		};
		02EDBE2D1C781BA600C92D1E /* PBXContainerItemProxy */ = {
			isa = PBXContainerItemProxy;
			containerPortal = 02DDFE801C6ECDE7008413ED /* Project object */;
			proxyType = 1;
			remoteGlobalIDString = 02EDBE211C781BA600C92D1E;
			remoteInfo = "GooglePlaces tvOS";
		};
/* End PBXContainerItemProxy section */

/* Begin PBXFileReference section */
		023156FB1C7905E3003370A2 /* GooglePlaces.framework */ = {isa = PBXFileReference; explicitFileType = wrapper.framework; includeInIndex = 0; path = GooglePlaces.framework; sourceTree = BUILT_PRODUCTS_DIR; };
		0231573D1C791116003370A2 /* PlaceDetailsResponse.swift */ = {isa = PBXFileReference; fileEncoding = 4; lastKnownFileType = sourcecode.swift; path = PlaceDetailsResponse.swift; sourceTree = "<group>"; };
		023157591C7916E7003370A2 /* LocationCoordinate2DTransform.swift */ = {isa = PBXFileReference; fileEncoding = 4; lastKnownFileType = sourcecode.swift; path = LocationCoordinate2DTransform.swift; sourceTree = "<group>"; };
		023157631C792363003370A2 /* DateTransformInteger.swift */ = {isa = PBXFileReference; fileEncoding = 4; lastKnownFileType = sourcecode.swift; path = DateTransformInteger.swift; sourceTree = "<group>"; };
		023157681C7945FE003370A2 /* PlaceDetailsTests.swift */ = {isa = PBXFileReference; fileEncoding = 4; lastKnownFileType = sourcecode.swift; path = PlaceDetailsTests.swift; sourceTree = "<group>"; };
		02929E451C74DB5000038F9D /* GooglePlaces.framework */ = {isa = PBXFileReference; explicitFileType = wrapper.framework; includeInIndex = 0; path = GooglePlaces.framework; sourceTree = BUILT_PRODUCTS_DIR; };
		02929E4E1C74DB5000038F9D /* GooglePlacesTests.xctest */ = {isa = PBXFileReference; explicitFileType = wrapper.cfbundle; includeInIndex = 0; path = GooglePlacesTests.xctest; sourceTree = BUILT_PRODUCTS_DIR; };
		02DDFE891C6ECDE7008413ED /* GooglePlaces.framework */ = {isa = PBXFileReference; explicitFileType = wrapper.framework; includeInIndex = 0; path = GooglePlaces.framework; sourceTree = BUILT_PRODUCTS_DIR; };
		02DDFE8C1C6ECDE7008413ED /* GooglePlaces.h */ = {isa = PBXFileReference; lastKnownFileType = sourcecode.c.h; path = GooglePlaces.h; sourceTree = "<group>"; };
		02DDFE8E1C6ECDE7008413ED /* Info.plist */ = {isa = PBXFileReference; lastKnownFileType = text.plist.xml; path = Info.plist; sourceTree = "<group>"; };
		02DDFE931C6ECDE7008413ED /* GooglePlacesTests.xctest */ = {isa = PBXFileReference; explicitFileType = wrapper.cfbundle; includeInIndex = 0; path = GooglePlacesTests.xctest; sourceTree = BUILT_PRODUCTS_DIR; };
		02DDFE981C6ECDE7008413ED /* PlaceAutocompleteTests.swift */ = {isa = PBXFileReference; lastKnownFileType = sourcecode.swift; path = PlaceAutocompleteTests.swift; sourceTree = "<group>"; };
		02DDFE9A1C6ECDE7008413ED /* Info.plist */ = {isa = PBXFileReference; lastKnownFileType = text.plist.xml; path = Info.plist; sourceTree = "<group>"; };
		02DDFEA31C6ECE0F008413ED /* Alamofire.xcodeproj */ = {isa = PBXFileReference; lastKnownFileType = "wrapper.pb-project"; name = Alamofire.xcodeproj; path = ../Submodules/Alamofire/Alamofire.xcodeproj; sourceTree = "<group>"; };
		02DDFEBB1C6ECE15008413ED /* ObjectMapper.xcodeproj */ = {isa = PBXFileReference; lastKnownFileType = "wrapper.pb-project"; name = ObjectMapper.xcodeproj; path = ../Submodules/ObjectMapper/ObjectMapper.xcodeproj; sourceTree = "<group>"; };
		02DDFEFD1C6ED050008413ED /* SharedTypes.swift */ = {isa = PBXFileReference; fileEncoding = 4; lastKnownFileType = sourcecode.swift; path = SharedTypes.swift; sourceTree = "<group>"; };
		02DDFF111C6ED0D2008413ED /* GooglePlaces.swift */ = {isa = PBXFileReference; fileEncoding = 4; lastKnownFileType = sourcecode.swift; path = GooglePlaces.swift; sourceTree = "<group>"; };
		02DDFF211C6ED0DE008413ED /* Types.swift */ = {isa = PBXFileReference; fileEncoding = 4; lastKnownFileType = sourcecode.swift; path = Types.swift; sourceTree = "<group>"; };
		02DDFF231C6ED19E008413ED /* GoogleMapsService.swift */ = {isa = PBXFileReference; fileEncoding = 4; lastKnownFileType = sourcecode.swift; path = GoogleMapsService.swift; sourceTree = "<group>"; };
		02DDFF401C6FE301008413ED /* PlaceAutocompleteResponse.swift */ = {isa = PBXFileReference; fileEncoding = 4; lastKnownFileType = sourcecode.swift; path = PlaceAutocompleteResponse.swift; sourceTree = "<group>"; };
		02DDFF601C6FF389008413ED /* Dictionary+Extensions.swift */ = {isa = PBXFileReference; fileEncoding = 4; lastKnownFileType = sourcecode.swift; path = "Dictionary+Extensions.swift"; sourceTree = "<group>"; };
		02EDBE221C781BA600C92D1E /* GooglePlaces.framework */ = {isa = PBXFileReference; explicitFileType = wrapper.framework; includeInIndex = 0; path = GooglePlaces.framework; sourceTree = BUILT_PRODUCTS_DIR; };
		02EDBE2B1C781BA600C92D1E /* GooglePlacesTests.xctest */ = {isa = PBXFileReference; explicitFileType = wrapper.cfbundle; includeInIndex = 0; path = GooglePlacesTests.xctest; sourceTree = BUILT_PRODUCTS_DIR; };
/* End PBXFileReference section */

/* Begin PBXFrameworksBuildPhase section */
		023156F71C7905E3003370A2 /* Frameworks */ = {
			isa = PBXFrameworksBuildPhase;
			buildActionMask = 2147483647;
			files = (
				023157121C790662003370A2 /* ObjectMapper.framework in Frameworks */,
				023157111C79065D003370A2 /* Alamofire.framework in Frameworks */,
			);
			runOnlyForDeploymentPostprocessing = 0;
		};
		02929E411C74DB5000038F9D /* Frameworks */ = {
			isa = PBXFrameworksBuildPhase;
			buildActionMask = 2147483647;
			files = (
				02929E801C74DC9D00038F9D /* ObjectMapper.framework in Frameworks */,
				02929E7F1C74DC9600038F9D /* Alamofire.framework in Frameworks */,
			);
			runOnlyForDeploymentPostprocessing = 0;
		};
		02929E4B1C74DB5000038F9D /* Frameworks */ = {
			isa = PBXFrameworksBuildPhase;
			buildActionMask = 2147483647;
			files = (
				02929E4F1C74DB5000038F9D /* GooglePlaces.framework in Frameworks */,
			);
			runOnlyForDeploymentPostprocessing = 0;
		};
		02DDFE851C6ECDE7008413ED /* Frameworks */ = {
			isa = PBXFrameworksBuildPhase;
			buildActionMask = 2147483647;
			files = (
				02F845391C70342D00069928 /* ObjectMapper.framework in Frameworks */,
				02F845311C70342A00069928 /* Alamofire.framework in Frameworks */,
			);
			runOnlyForDeploymentPostprocessing = 0;
		};
		02DDFE901C6ECDE7008413ED /* Frameworks */ = {
			isa = PBXFrameworksBuildPhase;
			buildActionMask = 2147483647;
			files = (
				02DDFE941C6ECDE7008413ED /* GooglePlaces.framework in Frameworks */,
			);
			runOnlyForDeploymentPostprocessing = 0;
		};
		02EDBE1E1C781BA600C92D1E /* Frameworks */ = {
			isa = PBXFrameworksBuildPhase;
			buildActionMask = 2147483647;
			files = (
			);
			runOnlyForDeploymentPostprocessing = 0;
		};
		02EDBE281C781BA600C92D1E /* Frameworks */ = {
			isa = PBXFrameworksBuildPhase;
			buildActionMask = 2147483647;
			files = (
				02EDBE2C1C781BA600C92D1E /* GooglePlaces.framework in Frameworks */,
			);
			runOnlyForDeploymentPostprocessing = 0;
		};
/* End PBXFrameworksBuildPhase section */

/* Begin PBXGroup section */
		023157581C7916E7003370A2 /* ObjectMapperTransformers */ = {
			isa = PBXGroup;
			children = (
				023157591C7916E7003370A2 /* LocationCoordinate2DTransform.swift */,
				023157631C792363003370A2 /* DateTransformInteger.swift */,
			);
			path = ObjectMapperTransformers;
			sourceTree = "<group>";
		};
		02DDFE7F1C6ECDE7008413ED = {
			isa = PBXGroup;
			children = (
				02DDFEA31C6ECE0F008413ED /* Alamofire.xcodeproj */,
				02DDFEBB1C6ECE15008413ED /* ObjectMapper.xcodeproj */,
				02DDFE8B1C6ECDE7008413ED /* GooglePlaces */,
				02DDFE971C6ECDE7008413ED /* GooglePlacesTests */,
				02DDFE8A1C6ECDE7008413ED /* Products */,
			);
			sourceTree = "<group>";
		};
		02DDFE8A1C6ECDE7008413ED /* Products */ = {
			isa = PBXGroup;
			children = (
				02DDFE891C6ECDE7008413ED /* GooglePlaces.framework */,
				02DDFE931C6ECDE7008413ED /* GooglePlacesTests.xctest */,
				02929E451C74DB5000038F9D /* GooglePlaces.framework */,
				02929E4E1C74DB5000038F9D /* GooglePlacesTests.xctest */,
				02EDBE221C781BA600C92D1E /* GooglePlaces.framework */,
				02EDBE2B1C781BA600C92D1E /* GooglePlacesTests.xctest */,
				023156FB1C7905E3003370A2 /* GooglePlaces.framework */,
			);
			name = Products;
			sourceTree = "<group>";
		};
		02DDFE8B1C6ECDE7008413ED /* GooglePlaces */ = {
			isa = PBXGroup;
			children = (
				02DDFE8C1C6ECDE7008413ED /* GooglePlaces.h */,
				02DDFED31C6ECE4F008413ED /* Core */,
				02DDFED41C6ECE4F008413ED /* Google Places API */,
				02DDFE8E1C6ECDE7008413ED /* Info.plist */,
			);
			path = GooglePlaces;
			sourceTree = "<group>";
		};
		02DDFE971C6ECDE7008413ED /* GooglePlacesTests */ = {
			isa = PBXGroup;
			children = (
				02DDFE981C6ECDE7008413ED /* PlaceAutocompleteTests.swift */,
				023157681C7945FE003370A2 /* PlaceDetailsTests.swift */,
				02DDFE9A1C6ECDE7008413ED /* Info.plist */,
			);
			path = GooglePlacesTests;
			sourceTree = "<group>";
		};
		02DDFEA41C6ECE0F008413ED /* Products */ = {
			isa = PBXGroup;
			children = (
				02DDFEAE1C6ECE0F008413ED /* Alamofire.framework */,
				02DDFEB01C6ECE0F008413ED /* Alamofire iOS Tests.xctest */,
				02DDFEB21C6ECE0F008413ED /* Alamofire.framework */,
				02DDFEB41C6ECE0F008413ED /* Alamofire OSX Tests.xctest */,
				02DDFEB61C6ECE0F008413ED /* Alamofire.framework */,
				02DDFEB81C6ECE0F008413ED /* Alamofire tvOS Tests.xctest */,
				02DDFEBA1C6ECE0F008413ED /* Alamofire.framework */,
			);
			name = Products;
			sourceTree = "<group>";
		};
		02DDFEBC1C6ECE15008413ED /* Products */ = {
			isa = PBXGroup;
			children = (
				02DDFEC61C6ECE16008413ED /* ObjectMapper.framework */,
				02DDFEC81C6ECE16008413ED /* ObjectMapper.framework */,
				02DDFECA1C6ECE16008413ED /* ObjectMapper.framework */,
				02DDFECC1C6ECE16008413ED /* ObjectMapper.framework */,
				02DDFECE1C6ECE16008413ED /* ObjectMapper-iOSTests.xctest */,
				02DDFED01C6ECE16008413ED /* ObjectMapper-MacTests.xctest */,
				02DDFED21C6ECE16008413ED /* ObjectMapper-tvOSTests.xctest */,
			);
			name = Products;
			sourceTree = "<group>";
		};
		02DDFED31C6ECE4F008413ED /* Core */ = {
			isa = PBXGroup;
			children = (
				02DDFEFD1C6ED050008413ED /* SharedTypes.swift */,
				02DDFF231C6ED19E008413ED /* GoogleMapsService.swift */,
				02DDFF601C6FF389008413ED /* Dictionary+Extensions.swift */,
				023157581C7916E7003370A2 /* ObjectMapperTransformers */,
			);
			name = Core;
			path = ../../Source/Core;
			sourceTree = "<group>";
		};
		02DDFED41C6ECE4F008413ED /* Google Places API */ = {
			isa = PBXGroup;
			children = (
				02DDFF211C6ED0DE008413ED /* Types.swift */,
				02DDFF111C6ED0D2008413ED /* GooglePlaces.swift */,
				02DDFF401C6FE301008413ED /* PlaceAutocompleteResponse.swift */,
				0231573D1C791116003370A2 /* PlaceDetailsResponse.swift */,
			);
			name = "Google Places API";
			path = "../../Source/Google Places API";
			sourceTree = "<group>";
		};
/* End PBXGroup section */

/* Begin PBXHeadersBuildPhase section */
		023156F81C7905E3003370A2 /* Headers */ = {
			isa = PBXHeadersBuildPhase;
			buildActionMask = 2147483647;
			files = (
				023157151C79066C003370A2 /* GooglePlaces.h in Headers */,
			);
			runOnlyForDeploymentPostprocessing = 0;
		};
		02929E421C74DB5000038F9D /* Headers */ = {
			isa = PBXHeadersBuildPhase;
			buildActionMask = 2147483647;
			files = (
				023157131C79066A003370A2 /* GooglePlaces.h in Headers */,
			);
			runOnlyForDeploymentPostprocessing = 0;
		};
		02DDFE861C6ECDE7008413ED /* Headers */ = {
			isa = PBXHeadersBuildPhase;
			buildActionMask = 2147483647;
			files = (
				02DDFE8D1C6ECDE7008413ED /* GooglePlaces.h in Headers */,
			);
			runOnlyForDeploymentPostprocessing = 0;
		};
		02EDBE1F1C781BA600C92D1E /* Headers */ = {
			isa = PBXHeadersBuildPhase;
			buildActionMask = 2147483647;
			files = (
				023157141C79066B003370A2 /* GooglePlaces.h in Headers */,
			);
			runOnlyForDeploymentPostprocessing = 0;
		};
/* End PBXHeadersBuildPhase section */

/* Begin PBXNativeTarget section */
		023156FA1C7905E3003370A2 /* GooglePlaces watchOS */ = {
			isa = PBXNativeTarget;
			buildConfigurationList = 023157101C7905E3003370A2 /* Build configuration list for PBXNativeTarget "GooglePlaces watchOS" */;
			buildPhases = (
				023156F61C7905E3003370A2 /* Sources */,
				023156F71C7905E3003370A2 /* Frameworks */,
				023156F81C7905E3003370A2 /* Headers */,
				023156F91C7905E3003370A2 /* Resources */,
			);
			buildRules = (
			);
			dependencies = (
			);
			name = "GooglePlaces watchOS";
			productName = "GooglePlaces watchOS";
			productReference = 023156FB1C7905E3003370A2 /* GooglePlaces.framework */;
			productType = "com.apple.product-type.framework";
		};
		02929E441C74DB5000038F9D /* GooglePlaces OSX */ = {
			isa = PBXNativeTarget;
			buildConfigurationList = 02929E681C74DB5000038F9D /* Build configuration list for PBXNativeTarget "GooglePlaces OSX" */;
			buildPhases = (
				02929E401C74DB5000038F9D /* Sources */,
				02929E411C74DB5000038F9D /* Frameworks */,
				02929E421C74DB5000038F9D /* Headers */,
				02929E431C74DB5000038F9D /* Resources */,
			);
			buildRules = (
			);
			dependencies = (
			);
			name = "GooglePlaces OSX";
			productName = "GooglePlaces OSX";
			productReference = 02929E451C74DB5000038F9D /* GooglePlaces.framework */;
			productType = "com.apple.product-type.framework";
		};
		02929E4D1C74DB5000038F9D /* GooglePlacesTests OSX */ = {
			isa = PBXNativeTarget;
			buildConfigurationList = 02929E691C74DB5000038F9D /* Build configuration list for PBXNativeTarget "GooglePlacesTests OSX" */;
			buildPhases = (
				02929E4A1C74DB5000038F9D /* Sources */,
				02929E4B1C74DB5000038F9D /* Frameworks */,
				02929E4C1C74DB5000038F9D /* Resources */,
			);
			buildRules = (
			);
			dependencies = (
				02929E511C74DB5000038F9D /* PBXTargetDependency */,
			);
			name = "GooglePlacesTests OSX";
			productName = "GooglePlaces OSXTests";
			productReference = 02929E4E1C74DB5000038F9D /* GooglePlacesTests.xctest */;
			productType = "com.apple.product-type.bundle.unit-test";
		};
		02DDFE881C6ECDE7008413ED /* GooglePlaces iOS */ = {
			isa = PBXNativeTarget;
			buildConfigurationList = 02DDFE9D1C6ECDE7008413ED /* Build configuration list for PBXNativeTarget "GooglePlaces iOS" */;
			buildPhases = (
				02DDFE841C6ECDE7008413ED /* Sources */,
				02DDFE851C6ECDE7008413ED /* Frameworks */,
				02DDFE861C6ECDE7008413ED /* Headers */,
				02DDFE871C6ECDE7008413ED /* Resources */,
			);
			buildRules = (
			);
			dependencies = (
			);
			name = "GooglePlaces iOS";
			productName = GooglePlaces;
			productReference = 02DDFE891C6ECDE7008413ED /* GooglePlaces.framework */;
			productType = "com.apple.product-type.framework";
		};
		02DDFE921C6ECDE7008413ED /* GooglePlacesTests iOS */ = {
			isa = PBXNativeTarget;
			buildConfigurationList = 02DDFEA01C6ECDE7008413ED /* Build configuration list for PBXNativeTarget "GooglePlacesTests iOS" */;
			buildPhases = (
				02DDFE8F1C6ECDE7008413ED /* Sources */,
				02DDFE901C6ECDE7008413ED /* Frameworks */,
				02DDFE911C6ECDE7008413ED /* Resources */,
			);
			buildRules = (
			);
			dependencies = (
				02DDFE961C6ECDE7008413ED /* PBXTargetDependency */,
			);
			name = "GooglePlacesTests iOS";
			productName = GooglePlacesTests;
			productReference = 02DDFE931C6ECDE7008413ED /* GooglePlacesTests.xctest */;
			productType = "com.apple.product-type.bundle.unit-test";
		};
		02EDBE211C781BA600C92D1E /* GooglePlaces tvOS */ = {
			isa = PBXNativeTarget;
			buildConfigurationList = 02EDBE451C781BA600C92D1E /* Build configuration list for PBXNativeTarget "GooglePlaces tvOS" */;
			buildPhases = (
				02EDBE1D1C781BA600C92D1E /* Sources */,
				02EDBE1E1C781BA600C92D1E /* Frameworks */,
				02EDBE1F1C781BA600C92D1E /* Headers */,
				02EDBE201C781BA600C92D1E /* Resources */,
			);
			buildRules = (
			);
			dependencies = (
			);
			name = "GooglePlaces tvOS";
			productName = "GooglePlaces tvOS";
			productReference = 02EDBE221C781BA600C92D1E /* GooglePlaces.framework */;
			productType = "com.apple.product-type.framework";
		};
		02EDBE2A1C781BA600C92D1E /* GooglePlaces tvOSTests */ = {
			isa = PBXNativeTarget;
			buildConfigurationList = 02EDBE461C781BA600C92D1E /* Build configuration list for PBXNativeTarget "GooglePlaces tvOSTests" */;
			buildPhases = (
				02EDBE271C781BA600C92D1E /* Sources */,
				02EDBE281C781BA600C92D1E /* Frameworks */,
				02EDBE291C781BA600C92D1E /* Resources */,
			);
			buildRules = (
			);
			dependencies = (
				02EDBE2E1C781BA600C92D1E /* PBXTargetDependency */,
			);
			name = "GooglePlaces tvOSTests";
			productName = "GooglePlaces tvOSTests";
			productReference = 02EDBE2B1C781BA600C92D1E /* GooglePlacesTests.xctest */;
			productType = "com.apple.product-type.bundle.unit-test";
		};
/* End PBXNativeTarget section */

/* Begin PBXProject section */
		02DDFE801C6ECDE7008413ED /* Project object */ = {
			isa = PBXProject;
			attributes = {
				LastSwiftUpdateCheck = 0720;
				LastUpgradeCheck = 0720;
				ORGANIZATIONNAME = "Honghao Zhang";
				TargetAttributes = {
					023156FA1C7905E3003370A2 = {
						CreatedOnToolsVersion = 7.2.1;
					};
					02929E441C74DB5000038F9D = {
						CreatedOnToolsVersion = 7.2.1;
					};
					02929E4D1C74DB5000038F9D = {
						CreatedOnToolsVersion = 7.2.1;
					};
					02DDFE881C6ECDE7008413ED = {
						CreatedOnToolsVersion = 7.2.1;
					};
					02DDFE921C6ECDE7008413ED = {
						CreatedOnToolsVersion = 7.2.1;
					};
					02EDBE211C781BA600C92D1E = {
						CreatedOnToolsVersion = 7.2.1;
					};
					02EDBE2A1C781BA600C92D1E = {
						CreatedOnToolsVersion = 7.2.1;
					};
				};
			};
			buildConfigurationList = 02DDFE831C6ECDE7008413ED /* Build configuration list for PBXProject "GooglePlaces" */;
			compatibilityVersion = "Xcode 3.2";
			developmentRegion = English;
			hasScannedForEncodings = 0;
			knownRegions = (
				en,
			);
			mainGroup = 02DDFE7F1C6ECDE7008413ED;
			productRefGroup = 02DDFE8A1C6ECDE7008413ED /* Products */;
			projectDirPath = "";
			projectReferences = (
				{
					ProductGroup = 02DDFEA41C6ECE0F008413ED /* Products */;
					ProjectRef = 02DDFEA31C6ECE0F008413ED /* Alamofire.xcodeproj */;
				},
				{
					ProductGroup = 02DDFEBC1C6ECE15008413ED /* Products */;
					ProjectRef = 02DDFEBB1C6ECE15008413ED /* ObjectMapper.xcodeproj */;
				},
			);
			projectRoot = "";
			targets = (
				02DDFE881C6ECDE7008413ED /* GooglePlaces iOS */,
				02DDFE921C6ECDE7008413ED /* GooglePlacesTests iOS */,
				02929E441C74DB5000038F9D /* GooglePlaces OSX */,
				02929E4D1C74DB5000038F9D /* GooglePlacesTests OSX */,
				02EDBE211C781BA600C92D1E /* GooglePlaces tvOS */,
				02EDBE2A1C781BA600C92D1E /* GooglePlaces tvOSTests */,
				023156FA1C7905E3003370A2 /* GooglePlaces watchOS */,
			);
		};
/* End PBXProject section */

/* Begin PBXReferenceProxy section */
		02DDFEAE1C6ECE0F008413ED /* Alamofire.framework */ = {
			isa = PBXReferenceProxy;
			fileType = wrapper.framework;
			path = Alamofire.framework;
			remoteRef = 02DDFEAD1C6ECE0F008413ED /* PBXContainerItemProxy */;
			sourceTree = BUILT_PRODUCTS_DIR;
		};
		02DDFEB01C6ECE0F008413ED /* Alamofire iOS Tests.xctest */ = {
			isa = PBXReferenceProxy;
			fileType = wrapper.cfbundle;
			path = "Alamofire iOS Tests.xctest";
			remoteRef = 02DDFEAF1C6ECE0F008413ED /* PBXContainerItemProxy */;
			sourceTree = BUILT_PRODUCTS_DIR;
		};
		02DDFEB21C6ECE0F008413ED /* Alamofire.framework */ = {
			isa = PBXReferenceProxy;
			fileType = wrapper.framework;
			path = Alamofire.framework;
			remoteRef = 02DDFEB11C6ECE0F008413ED /* PBXContainerItemProxy */;
			sourceTree = BUILT_PRODUCTS_DIR;
		};
		02DDFEB41C6ECE0F008413ED /* Alamofire OSX Tests.xctest */ = {
			isa = PBXReferenceProxy;
			fileType = wrapper.cfbundle;
			path = "Alamofire OSX Tests.xctest";
			remoteRef = 02DDFEB31C6ECE0F008413ED /* PBXContainerItemProxy */;
			sourceTree = BUILT_PRODUCTS_DIR;
		};
		02DDFEB61C6ECE0F008413ED /* Alamofire.framework */ = {
			isa = PBXReferenceProxy;
			fileType = wrapper.framework;
			path = Alamofire.framework;
			remoteRef = 02DDFEB51C6ECE0F008413ED /* PBXContainerItemProxy */;
			sourceTree = BUILT_PRODUCTS_DIR;
		};
		02DDFEB81C6ECE0F008413ED /* Alamofire tvOS Tests.xctest */ = {
			isa = PBXReferenceProxy;
			fileType = wrapper.cfbundle;
			path = "Alamofire tvOS Tests.xctest";
			remoteRef = 02DDFEB71C6ECE0F008413ED /* PBXContainerItemProxy */;
			sourceTree = BUILT_PRODUCTS_DIR;
		};
		02DDFEBA1C6ECE0F008413ED /* Alamofire.framework */ = {
			isa = PBXReferenceProxy;
			fileType = wrapper.framework;
			path = Alamofire.framework;
			remoteRef = 02DDFEB91C6ECE0F008413ED /* PBXContainerItemProxy */;
			sourceTree = BUILT_PRODUCTS_DIR;
		};
		02DDFEC61C6ECE16008413ED /* ObjectMapper.framework */ = {
			isa = PBXReferenceProxy;
			fileType = wrapper.framework;
			path = ObjectMapper.framework;
			remoteRef = 02DDFEC51C6ECE16008413ED /* PBXContainerItemProxy */;
			sourceTree = BUILT_PRODUCTS_DIR;
		};
		02DDFEC81C6ECE16008413ED /* ObjectMapper.framework */ = {
			isa = PBXReferenceProxy;
			fileType = wrapper.framework;
			path = ObjectMapper.framework;
			remoteRef = 02DDFEC71C6ECE16008413ED /* PBXContainerItemProxy */;
			sourceTree = BUILT_PRODUCTS_DIR;
		};
		02DDFECA1C6ECE16008413ED /* ObjectMapper.framework */ = {
			isa = PBXReferenceProxy;
			fileType = wrapper.framework;
			path = ObjectMapper.framework;
			remoteRef = 02DDFEC91C6ECE16008413ED /* PBXContainerItemProxy */;
			sourceTree = BUILT_PRODUCTS_DIR;
		};
		02DDFECC1C6ECE16008413ED /* ObjectMapper.framework */ = {
			isa = PBXReferenceProxy;
			fileType = wrapper.framework;
			path = ObjectMapper.framework;
			remoteRef = 02DDFECB1C6ECE16008413ED /* PBXContainerItemProxy */;
			sourceTree = BUILT_PRODUCTS_DIR;
		};
		02DDFECE1C6ECE16008413ED /* ObjectMapper-iOSTests.xctest */ = {
			isa = PBXReferenceProxy;
			fileType = wrapper.cfbundle;
			path = "ObjectMapper-iOSTests.xctest";
			remoteRef = 02DDFECD1C6ECE16008413ED /* PBXContainerItemProxy */;
			sourceTree = BUILT_PRODUCTS_DIR;
		};
		02DDFED01C6ECE16008413ED /* ObjectMapper-MacTests.xctest */ = {
			isa = PBXReferenceProxy;
			fileType = wrapper.cfbundle;
			path = "ObjectMapper-MacTests.xctest";
			remoteRef = 02DDFECF1C6ECE16008413ED /* PBXContainerItemProxy */;
			sourceTree = BUILT_PRODUCTS_DIR;
		};
		02DDFED21C6ECE16008413ED /* ObjectMapper-tvOSTests.xctest */ = {
			isa = PBXReferenceProxy;
			fileType = wrapper.cfbundle;
			path = "ObjectMapper-tvOSTests.xctest";
			remoteRef = 02DDFED11C6ECE16008413ED /* PBXContainerItemProxy */;
			sourceTree = BUILT_PRODUCTS_DIR;
		};
/* End PBXReferenceProxy section */

/* Begin PBXResourcesBuildPhase section */
		023156F91C7905E3003370A2 /* Resources */ = {
			isa = PBXResourcesBuildPhase;
			buildActionMask = 2147483647;
			files = (
			);
			runOnlyForDeploymentPostprocessing = 0;
		};
		02929E431C74DB5000038F9D /* Resources */ = {
			isa = PBXResourcesBuildPhase;
			buildActionMask = 2147483647;
			files = (
			);
			runOnlyForDeploymentPostprocessing = 0;
		};
		02929E4C1C74DB5000038F9D /* Resources */ = {
			isa = PBXResourcesBuildPhase;
			buildActionMask = 2147483647;
			files = (
			);
			runOnlyForDeploymentPostprocessing = 0;
		};
		02DDFE871C6ECDE7008413ED /* Resources */ = {
			isa = PBXResourcesBuildPhase;
			buildActionMask = 2147483647;
			files = (
			);
			runOnlyForDeploymentPostprocessing = 0;
		};
		02DDFE911C6ECDE7008413ED /* Resources */ = {
			isa = PBXResourcesBuildPhase;
			buildActionMask = 2147483647;
			files = (
			);
			runOnlyForDeploymentPostprocessing = 0;
		};
		02EDBE201C781BA600C92D1E /* Resources */ = {
			isa = PBXResourcesBuildPhase;
			buildActionMask = 2147483647;
			files = (
			);
			runOnlyForDeploymentPostprocessing = 0;
		};
		02EDBE291C781BA600C92D1E /* Resources */ = {
			isa = PBXResourcesBuildPhase;
			buildActionMask = 2147483647;
			files = (
			);
			runOnlyForDeploymentPostprocessing = 0;
		};
/* End PBXResourcesBuildPhase section */

/* Begin PBXSourcesBuildPhase section */
		023156F61C7905E3003370A2 /* Sources */ = {
			isa = PBXSourcesBuildPhase;
			buildActionMask = 2147483647;
			files = (
				0231575D1C7916E7003370A2 /* LocationCoordinate2DTransform.swift in Sources */,
				023157161C790675003370A2 /* SharedTypes.swift in Sources */,
				0231571A1C79067A003370A2 /* GooglePlaces.swift in Sources */,
				023157171C790675003370A2 /* GoogleMapsService.swift in Sources */,
				023157181C790675003370A2 /* Dictionary+Extensions.swift in Sources */,
				023157671C792363003370A2 /* DateTransformInteger.swift in Sources */,
				0231571B1C79067A003370A2 /* PlaceAutocompleteResponse.swift in Sources */,
				023157191C79067A003370A2 /* Types.swift in Sources */,
			);
			runOnlyForDeploymentPostprocessing = 0;
		};
		02929E401C74DB5000038F9D /* Sources */ = {
			isa = PBXSourcesBuildPhase;
			buildActionMask = 2147483647;
			files = (
				0231575B1C7916E7003370A2 /* LocationCoordinate2DTransform.swift in Sources */,
				02929E781C74DC2D00038F9D /* SharedTypes.swift in Sources */,
				02929E7C1C74DC3000038F9D /* GooglePlaces.swift in Sources */,
				02929E791C74DC2D00038F9D /* GoogleMapsService.swift in Sources */,
				02929E7A1C74DC2D00038F9D /* Dictionary+Extensions.swift in Sources */,
				023157651C792363003370A2 /* DateTransformInteger.swift in Sources */,
				02929E7D1C74DC3000038F9D /* PlaceAutocompleteResponse.swift in Sources */,
				02929E7B1C74DC3000038F9D /* Types.swift in Sources */,
			);
			runOnlyForDeploymentPostprocessing = 0;
		};
		02929E4A1C74DB5000038F9D /* Sources */ = {
			isa = PBXSourcesBuildPhase;
			buildActionMask = 2147483647;
			files = (
				0231576E1C794630003370A2 /* PlaceDetailsTests.swift in Sources */,
				02929E7E1C74DC3300038F9D /* PlaceAutocompleteTests.swift in Sources */,
			);
			runOnlyForDeploymentPostprocessing = 0;
		};
		02DDFE841C6ECDE7008413ED /* Sources */ = {
			isa = PBXSourcesBuildPhase;
			buildActionMask = 2147483647;
			files = (
				023157641C792363003370A2 /* DateTransformInteger.swift in Sources */,
				02DDFF221C6ED0DE008413ED /* Types.swift in Sources */,
				0231575A1C7916E7003370A2 /* LocationCoordinate2DTransform.swift in Sources */,
				02DDFF241C6ED19E008413ED /* GoogleMapsService.swift in Sources */,
				02DDFF121C6ED0D2008413ED /* GooglePlaces.swift in Sources */,
				02DDFEFE1C6ED050008413ED /* SharedTypes.swift in Sources */,
				02DDFF411C6FE301008413ED /* PlaceAutocompleteResponse.swift in Sources */,
				02DDFF611C6FF389008413ED /* Dictionary+Extensions.swift in Sources */,
				0231573E1C791116003370A2 /* PlaceDetailsResponse.swift in Sources */,
			);
			runOnlyForDeploymentPostprocessing = 0;
		};
		02DDFE8F1C6ECDE7008413ED /* Sources */ = {
			isa = PBXSourcesBuildPhase;
			buildActionMask = 2147483647;
			files = (
				0231576D1C794630003370A2 /* PlaceDetailsTests.swift in Sources */,
				02DDFE991C6ECDE7008413ED /* PlaceAutocompleteTests.swift in Sources */,
			);
			runOnlyForDeploymentPostprocessing = 0;
		};
		02EDBE1D1C781BA600C92D1E /* Sources */ = {
			isa = PBXSourcesBuildPhase;
			buildActionMask = 2147483647;
			files = (
				0231575C1C7916E7003370A2 /* LocationCoordinate2DTransform.swift in Sources */,
				02EDBE471C781C1900C92D1E /* SharedTypes.swift in Sources */,
				02EDBE4B1C781C1C00C92D1E /* GooglePlaces.swift in Sources */,
				02EDBE481C781C1900C92D1E /* GoogleMapsService.swift in Sources */,
				02EDBE491C781C1900C92D1E /* Dictionary+Extensions.swift in Sources */,
				023157661C792363003370A2 /* DateTransformInteger.swift in Sources */,
				02EDBE4C1C781C1C00C92D1E /* PlaceAutocompleteResponse.swift in Sources */,
				02EDBE4A1C781C1C00C92D1E /* Types.swift in Sources */,
			);
			runOnlyForDeploymentPostprocessing = 0;
		};
		02EDBE271C781BA600C92D1E /* Sources */ = {
			isa = PBXSourcesBuildPhase;
			buildActionMask = 2147483647;
			files = (
				0231576F1C794631003370A2 /* PlaceDetailsTests.swift in Sources */,
				02EDBE4D1C781C2100C92D1E /* PlaceAutocompleteTests.swift in Sources */,
			);
			runOnlyForDeploymentPostprocessing = 0;
		};
/* End PBXSourcesBuildPhase section */

/* Begin PBXTargetDependency section */
		02929E511C74DB5000038F9D /* PBXTargetDependency */ = {
			isa = PBXTargetDependency;
			target = 02929E441C74DB5000038F9D /* GooglePlaces OSX */;
			targetProxy = 02929E501C74DB5000038F9D /* PBXContainerItemProxy */;
		};
		02DDFE961C6ECDE7008413ED /* PBXTargetDependency */ = {
			isa = PBXTargetDependency;
			target = 02DDFE881C6ECDE7008413ED /* GooglePlaces iOS */;
			targetProxy = 02DDFE951C6ECDE7008413ED /* PBXContainerItemProxy */;
		};
		02EDBE2E1C781BA600C92D1E /* PBXTargetDependency */ = {
			isa = PBXTargetDependency;
			target = 02EDBE211C781BA600C92D1E /* GooglePlaces tvOS */;
			targetProxy = 02EDBE2D1C781BA600C92D1E /* PBXContainerItemProxy */;
		};
/* End PBXTargetDependency section */

/* Begin XCBuildConfiguration section */
		023157001C7905E3003370A2 /* Debug */ = {
			isa = XCBuildConfiguration;
			buildSettings = {
				APPLICATION_EXTENSION_API_ONLY = YES;
				DEFINES_MODULE = YES;
				DYLIB_COMPATIBILITY_VERSION = 1;
				DYLIB_CURRENT_VERSION = 1;
				DYLIB_INSTALL_NAME_BASE = "@rpath";
				INFOPLIST_FILE = GooglePlaces/Info.plist;
				INSTALL_PATH = "$(LOCAL_LIBRARY_DIR)/Frameworks";
				LD_RUNPATH_SEARCH_PATHS = "$(inherited) @executable_path/Frameworks @loader_path/Frameworks";
				PRODUCT_BUNDLE_IDENTIFIER = "com.honghaoz.GooglePlaces-watchOS";
				PRODUCT_NAME = GooglePlaces;
				SDKROOT = watchos;
				SKIP_INSTALL = YES;
				TARGETED_DEVICE_FAMILY = 4;
				WATCHOS_DEPLOYMENT_TARGET = 2.0;
			};
			name = Debug;
		};
		023157011C7905E3003370A2 /* Release */ = {
			isa = XCBuildConfiguration;
			buildSettings = {
				APPLICATION_EXTENSION_API_ONLY = YES;
				DEFINES_MODULE = YES;
				DYLIB_COMPATIBILITY_VERSION = 1;
				DYLIB_CURRENT_VERSION = 1;
				DYLIB_INSTALL_NAME_BASE = "@rpath";
				INFOPLIST_FILE = GooglePlaces/Info.plist;
				INSTALL_PATH = "$(LOCAL_LIBRARY_DIR)/Frameworks";
				LD_RUNPATH_SEARCH_PATHS = "$(inherited) @executable_path/Frameworks @loader_path/Frameworks";
				PRODUCT_BUNDLE_IDENTIFIER = "com.honghaoz.GooglePlaces-watchOS";
				PRODUCT_NAME = GooglePlaces;
				SDKROOT = watchos;
				SKIP_INSTALL = YES;
				TARGETED_DEVICE_FAMILY = 4;
				WATCHOS_DEPLOYMENT_TARGET = 2.0;
			};
			name = Release;
		};
		02929E561C74DB5000038F9D /* Debug */ = {
			isa = XCBuildConfiguration;
			buildSettings = {
				APPLICATION_EXTENSION_API_ONLY = YES;
				CODE_SIGN_IDENTITY = "-";
				COMBINE_HIDPI_IMAGES = YES;
				DEFINES_MODULE = YES;
				DYLIB_COMPATIBILITY_VERSION = 1;
				DYLIB_CURRENT_VERSION = 1;
				DYLIB_INSTALL_NAME_BASE = "@rpath";
				ENABLE_BITCODE = NO;
				FRAMEWORK_VERSION = A;
				INFOPLIST_FILE = GooglePlaces/Info.plist;
				INSTALL_PATH = "$(LOCAL_LIBRARY_DIR)/Frameworks";
				LD_RUNPATH_SEARCH_PATHS = "$(inherited) @executable_path/../Frameworks @loader_path/Frameworks";
				MACOSX_DEPLOYMENT_TARGET = 10.9;
				PRODUCT_BUNDLE_IDENTIFIER = "com.honghaoz.GooglePlaces-OSX";
				PRODUCT_NAME = GooglePlaces;
				SDKROOT = macosx;
				SKIP_INSTALL = YES;
			};
			name = Debug;
		};
		02929E571C74DB5000038F9D /* Release */ = {
			isa = XCBuildConfiguration;
			buildSettings = {
				APPLICATION_EXTENSION_API_ONLY = YES;
				CODE_SIGN_IDENTITY = "-";
				COMBINE_HIDPI_IMAGES = YES;
				DEFINES_MODULE = YES;
				DYLIB_COMPATIBILITY_VERSION = 1;
				DYLIB_CURRENT_VERSION = 1;
				DYLIB_INSTALL_NAME_BASE = "@rpath";
				ENABLE_BITCODE = NO;
				FRAMEWORK_VERSION = A;
				INFOPLIST_FILE = GooglePlaces/Info.plist;
				INSTALL_PATH = "$(LOCAL_LIBRARY_DIR)/Frameworks";
				LD_RUNPATH_SEARCH_PATHS = "$(inherited) @executable_path/../Frameworks @loader_path/Frameworks";
				MACOSX_DEPLOYMENT_TARGET = 10.9;
				PRODUCT_BUNDLE_IDENTIFIER = "com.honghaoz.GooglePlaces-OSX";
				PRODUCT_NAME = GooglePlaces;
				SDKROOT = macosx;
				SKIP_INSTALL = YES;
			};
			name = Release;
		};
		02929E581C74DB5000038F9D /* Debug */ = {
			isa = XCBuildConfiguration;
			buildSettings = {
				CODE_SIGN_IDENTITY = "-";
				COMBINE_HIDPI_IMAGES = YES;
				INFOPLIST_FILE = GooglePlacesTests/Info.plist;
				LD_RUNPATH_SEARCH_PATHS = "$(inherited) @executable_path/../Frameworks @loader_path/../Frameworks";
				MACOSX_DEPLOYMENT_TARGET = 10.11;
				PRODUCT_BUNDLE_IDENTIFIER = "com.honghaoz.GooglePlaces-OSXTests";
				PRODUCT_NAME = GooglePlacesTests;
				SDKROOT = macosx;
			};
			name = Debug;
		};
		02929E591C74DB5000038F9D /* Release */ = {
			isa = XCBuildConfiguration;
			buildSettings = {
				CODE_SIGN_IDENTITY = "-";
				COMBINE_HIDPI_IMAGES = YES;
				INFOPLIST_FILE = GooglePlacesTests/Info.plist;
				LD_RUNPATH_SEARCH_PATHS = "$(inherited) @executable_path/../Frameworks @loader_path/../Frameworks";
				MACOSX_DEPLOYMENT_TARGET = 10.11;
				PRODUCT_BUNDLE_IDENTIFIER = "com.honghaoz.GooglePlaces-OSXTests";
				PRODUCT_NAME = GooglePlacesTests;
				SDKROOT = macosx;
			};
			name = Release;
		};
		02DDFE9B1C6ECDE7008413ED /* Debug */ = {
			isa = XCBuildConfiguration;
			buildSettings = {
				ALWAYS_SEARCH_USER_PATHS = NO;
				CLANG_CXX_LANGUAGE_STANDARD = "gnu++0x";
				CLANG_CXX_LIBRARY = "libc++";
				CLANG_ENABLE_MODULES = YES;
				CLANG_ENABLE_OBJC_ARC = YES;
				CLANG_WARN_BOOL_CONVERSION = YES;
				CLANG_WARN_CONSTANT_CONVERSION = YES;
				CLANG_WARN_DIRECT_OBJC_ISA_USAGE = YES_ERROR;
				CLANG_WARN_EMPTY_BODY = YES;
				CLANG_WARN_ENUM_CONVERSION = YES;
				CLANG_WARN_INT_CONVERSION = YES;
				CLANG_WARN_OBJC_ROOT_CLASS = YES_ERROR;
				CLANG_WARN_UNREACHABLE_CODE = YES;
				CLANG_WARN__DUPLICATE_METHOD_MATCH = YES;
				"CODE_SIGN_IDENTITY[sdk=iphoneos*]" = "iPhone Developer";
				COPY_PHASE_STRIP = NO;
				CURRENT_PROJECT_VERSION = 1;
				DEBUG_INFORMATION_FORMAT = dwarf;
				ENABLE_BITCODE = YES;
				ENABLE_STRICT_OBJC_MSGSEND = YES;
				ENABLE_TESTABILITY = YES;
				GCC_C_LANGUAGE_STANDARD = gnu99;
				GCC_DYNAMIC_NO_PIC = NO;
				GCC_NO_COMMON_BLOCKS = YES;
				GCC_OPTIMIZATION_LEVEL = 0;
				GCC_PREPROCESSOR_DEFINITIONS = (
					"DEBUG=1",
					"$(inherited)",
				);
				GCC_WARN_64_TO_32_BIT_CONVERSION = YES;
				GCC_WARN_ABOUT_RETURN_TYPE = YES_ERROR;
				GCC_WARN_UNDECLARED_SELECTOR = YES;
				GCC_WARN_UNINITIALIZED_AUTOS = YES_AGGRESSIVE;
				GCC_WARN_UNUSED_FUNCTION = YES;
				GCC_WARN_UNUSED_VARIABLE = YES;
				IPHONEOS_DEPLOYMENT_TARGET = 9.2;
				MTL_ENABLE_DEBUG_INFO = YES;
				ONLY_ACTIVE_ARCH = YES;
				SDKROOT = iphoneos;
				SWIFT_OPTIMIZATION_LEVEL = "-Onone";
				TARGETED_DEVICE_FAMILY = "1,2";
				VERSIONING_SYSTEM = "apple-generic";
				VERSION_INFO_PREFIX = "";
			};
			name = Debug;
		};
		02DDFE9C1C6ECDE7008413ED /* Release */ = {
			isa = XCBuildConfiguration;
			buildSettings = {
				ALWAYS_SEARCH_USER_PATHS = NO;
				CLANG_CXX_LANGUAGE_STANDARD = "gnu++0x";
				CLANG_CXX_LIBRARY = "libc++";
				CLANG_ENABLE_MODULES = YES;
				CLANG_ENABLE_OBJC_ARC = YES;
				CLANG_WARN_BOOL_CONVERSION = YES;
				CLANG_WARN_CONSTANT_CONVERSION = YES;
				CLANG_WARN_DIRECT_OBJC_ISA_USAGE = YES_ERROR;
				CLANG_WARN_EMPTY_BODY = YES;
				CLANG_WARN_ENUM_CONVERSION = YES;
				CLANG_WARN_INT_CONVERSION = YES;
				CLANG_WARN_OBJC_ROOT_CLASS = YES_ERROR;
				CLANG_WARN_UNREACHABLE_CODE = YES;
				CLANG_WARN__DUPLICATE_METHOD_MATCH = YES;
				"CODE_SIGN_IDENTITY[sdk=iphoneos*]" = "iPhone Developer";
				COPY_PHASE_STRIP = NO;
				CURRENT_PROJECT_VERSION = 1;
				DEBUG_INFORMATION_FORMAT = "dwarf-with-dsym";
				ENABLE_BITCODE = YES;
				ENABLE_NS_ASSERTIONS = NO;
				ENABLE_STRICT_OBJC_MSGSEND = YES;
				GCC_C_LANGUAGE_STANDARD = gnu99;
				GCC_NO_COMMON_BLOCKS = YES;
				GCC_WARN_64_TO_32_BIT_CONVERSION = YES;
				GCC_WARN_ABOUT_RETURN_TYPE = YES_ERROR;
				GCC_WARN_UNDECLARED_SELECTOR = YES;
				GCC_WARN_UNINITIALIZED_AUTOS = YES_AGGRESSIVE;
				GCC_WARN_UNUSED_FUNCTION = YES;
				GCC_WARN_UNUSED_VARIABLE = YES;
				IPHONEOS_DEPLOYMENT_TARGET = 9.2;
				MTL_ENABLE_DEBUG_INFO = NO;
				SDKROOT = iphoneos;
				TARGETED_DEVICE_FAMILY = "1,2";
				VALIDATE_PRODUCT = YES;
				VERSIONING_SYSTEM = "apple-generic";
				VERSION_INFO_PREFIX = "";
			};
			name = Release;
		};
		02DDFE9E1C6ECDE7008413ED /* Debug */ = {
			isa = XCBuildConfiguration;
			buildSettings = {
				APPLICATION_EXTENSION_API_ONLY = YES;
				CLANG_ENABLE_MODULES = YES;
				DEFINES_MODULE = YES;
				DYLIB_COMPATIBILITY_VERSION = 1;
				DYLIB_CURRENT_VERSION = 1;
				DYLIB_INSTALL_NAME_BASE = "@rpath";
				INFOPLIST_FILE = GooglePlaces/Info.plist;
				INSTALL_PATH = "$(LOCAL_LIBRARY_DIR)/Frameworks";
				IPHONEOS_DEPLOYMENT_TARGET = 8.0;
				LD_RUNPATH_SEARCH_PATHS = "$(inherited) @executable_path/Frameworks @loader_path/Frameworks";
				PRODUCT_BUNDLE_IDENTIFIER = "com.honghaoz.GooglePlaces-iOS";
				PRODUCT_NAME = GooglePlaces;
				SKIP_INSTALL = YES;
				SWIFT_OPTIMIZATION_LEVEL = "-Onone";
			};
			name = Debug;
		};
		02DDFE9F1C6ECDE7008413ED /* Release */ = {
			isa = XCBuildConfiguration;
			buildSettings = {
				APPLICATION_EXTENSION_API_ONLY = YES;
				CLANG_ENABLE_MODULES = YES;
				DEFINES_MODULE = YES;
				DYLIB_COMPATIBILITY_VERSION = 1;
				DYLIB_CURRENT_VERSION = 1;
				DYLIB_INSTALL_NAME_BASE = "@rpath";
				INFOPLIST_FILE = GooglePlaces/Info.plist;
				INSTALL_PATH = "$(LOCAL_LIBRARY_DIR)/Frameworks";
				IPHONEOS_DEPLOYMENT_TARGET = 8.0;
				LD_RUNPATH_SEARCH_PATHS = "$(inherited) @executable_path/Frameworks @loader_path/Frameworks";
				PRODUCT_BUNDLE_IDENTIFIER = "com.honghaoz.GooglePlaces-iOS";
				PRODUCT_NAME = GooglePlaces;
				SKIP_INSTALL = YES;
			};
			name = Release;
		};
		02DDFEA11C6ECDE7008413ED /* Debug */ = {
			isa = XCBuildConfiguration;
			buildSettings = {
				INFOPLIST_FILE = GooglePlacesTests/Info.plist;
				LD_RUNPATH_SEARCH_PATHS = "$(inherited) @executable_path/Frameworks @loader_path/Frameworks";
				PRODUCT_BUNDLE_IDENTIFIER = "com.honghaoz.GooglePlaces-iOSTests";
				PRODUCT_NAME = GooglePlacesTests;
			};
			name = Debug;
		};
		02DDFEA21C6ECDE7008413ED /* Release */ = {
			isa = XCBuildConfiguration;
			buildSettings = {
				INFOPLIST_FILE = GooglePlacesTests/Info.plist;
				LD_RUNPATH_SEARCH_PATHS = "$(inherited) @executable_path/Frameworks @loader_path/Frameworks";
				PRODUCT_BUNDLE_IDENTIFIER = "com.honghaoz.GooglePlaces-iOSTests";
				PRODUCT_NAME = GooglePlacesTests;
			};
			name = Release;
		};
		02EDBE331C781BA600C92D1E /* Debug */ = {
			isa = XCBuildConfiguration;
			buildSettings = {
				APPLICATION_EXTENSION_API_ONLY = YES;
				DEFINES_MODULE = YES;
				DYLIB_COMPATIBILITY_VERSION = 1;
				DYLIB_CURRENT_VERSION = 1;
				DYLIB_INSTALL_NAME_BASE = "@rpath";
				INFOPLIST_FILE = GooglePlaces/Info.plist;
				INSTALL_PATH = "$(LOCAL_LIBRARY_DIR)/Frameworks";
				LD_RUNPATH_SEARCH_PATHS = "$(inherited) @executable_path/Frameworks @loader_path/Frameworks";
				PRODUCT_BUNDLE_IDENTIFIER = "com.honghaoz.GooglePlaces-tvOS";
				PRODUCT_NAME = GooglePlaces;
				SDKROOT = appletvos;
				SKIP_INSTALL = YES;
				TARGETED_DEVICE_FAMILY = 3;
				TVOS_DEPLOYMENT_TARGET = 9.0;
			};
			name = Debug;
		};
		02EDBE341C781BA600C92D1E /* Release */ = {
			isa = XCBuildConfiguration;
			buildSettings = {
				APPLICATION_EXTENSION_API_ONLY = YES;
				DEFINES_MODULE = YES;
				DYLIB_COMPATIBILITY_VERSION = 1;
				DYLIB_CURRENT_VERSION = 1;
				DYLIB_INSTALL_NAME_BASE = "@rpath";
				INFOPLIST_FILE = GooglePlaces/Info.plist;
				INSTALL_PATH = "$(LOCAL_LIBRARY_DIR)/Frameworks";
				LD_RUNPATH_SEARCH_PATHS = "$(inherited) @executable_path/Frameworks @loader_path/Frameworks";
				PRODUCT_BUNDLE_IDENTIFIER = "com.honghaoz.GooglePlaces-tvOS";
				PRODUCT_NAME = GooglePlaces;
				SDKROOT = appletvos;
				SKIP_INSTALL = YES;
				TARGETED_DEVICE_FAMILY = 3;
				TVOS_DEPLOYMENT_TARGET = 9.0;
			};
			name = Release;
		};
		02EDBE351C781BA600C92D1E /* Debug */ = {
			isa = XCBuildConfiguration;
			buildSettings = {
				INFOPLIST_FILE = GooglePlacesTests/Info.plist;
				LD_RUNPATH_SEARCH_PATHS = "$(inherited) @executable_path/Frameworks @loader_path/Frameworks";
				PRODUCT_BUNDLE_IDENTIFIER = "com.honghaoz.GooglePlaces-tvOSTests";
				PRODUCT_NAME = GooglePlacesTests;
				SDKROOT = appletvos;
				TVOS_DEPLOYMENT_TARGET = 9.1;
			};
			name = Debug;
		};
		02EDBE361C781BA600C92D1E /* Release */ = {
			isa = XCBuildConfiguration;
			buildSettings = {
				INFOPLIST_FILE = GooglePlacesTests/Info.plist;
				LD_RUNPATH_SEARCH_PATHS = "$(inherited) @executable_path/Frameworks @loader_path/Frameworks";
				PRODUCT_BUNDLE_IDENTIFIER = "com.honghaoz.GooglePlaces-tvOSTests";
				PRODUCT_NAME = GooglePlacesTests;
				SDKROOT = appletvos;
				TVOS_DEPLOYMENT_TARGET = 9.1;
			};
			name = Release;
		};
/* End XCBuildConfiguration section */

/* Begin XCConfigurationList section */
		023157101C7905E3003370A2 /* Build configuration list for PBXNativeTarget "GooglePlaces watchOS" */ = {
			isa = XCConfigurationList;
			buildConfigurations = (
				023157001C7905E3003370A2 /* Debug */,
				023157011C7905E3003370A2 /* Release */,
			);
			defaultConfigurationIsVisible = 0;
			defaultConfigurationName = Release;
		};
		02929E681C74DB5000038F9D /* Build configuration list for PBXNativeTarget "GooglePlaces OSX" */ = {
			isa = XCConfigurationList;
			buildConfigurations = (
				02929E561C74DB5000038F9D /* Debug */,
				02929E571C74DB5000038F9D /* Release */,
			);
			defaultConfigurationIsVisible = 0;
			defaultConfigurationName = Release;
		};
		02929E691C74DB5000038F9D /* Build configuration list for PBXNativeTarget "GooglePlacesTests OSX" */ = {
			isa = XCConfigurationList;
			buildConfigurations = (
				02929E581C74DB5000038F9D /* Debug */,
				02929E591C74DB5000038F9D /* Release */,
			);
			defaultConfigurationIsVisible = 0;
			defaultConfigurationName = Release;
		};
		02DDFE831C6ECDE7008413ED /* Build configuration list for PBXProject "GooglePlaces" */ = {
			isa = XCConfigurationList;
			buildConfigurations = (
				02DDFE9B1C6ECDE7008413ED /* Debug */,
				02DDFE9C1C6ECDE7008413ED /* Release */,
			);
			defaultConfigurationIsVisible = 0;
			defaultConfigurationName = Release;
		};
		02DDFE9D1C6ECDE7008413ED /* Build configuration list for PBXNativeTarget "GooglePlaces iOS" */ = {
			isa = XCConfigurationList;
			buildConfigurations = (
				02DDFE9E1C6ECDE7008413ED /* Debug */,
				02DDFE9F1C6ECDE7008413ED /* Release */,
			);
			defaultConfigurationIsVisible = 0;
			defaultConfigurationName = Release;
		};
		02DDFEA01C6ECDE7008413ED /* Build configuration list for PBXNativeTarget "GooglePlacesTests iOS" */ = {
			isa = XCConfigurationList;
			buildConfigurations = (
				02DDFEA11C6ECDE7008413ED /* Debug */,
				02DDFEA21C6ECDE7008413ED /* Release */,
			);
			defaultConfigurationIsVisible = 0;
			defaultConfigurationName = Release;
		};
		02EDBE451C781BA600C92D1E /* Build configuration list for PBXNativeTarget "GooglePlaces tvOS" */ = {
			isa = XCConfigurationList;
			buildConfigurations = (
				02EDBE331C781BA600C92D1E /* Debug */,
				02EDBE341C781BA600C92D1E /* Release */,
			);
			defaultConfigurationIsVisible = 0;
			defaultConfigurationName = Release;
		};
		02EDBE461C781BA600C92D1E /* Build configuration list for PBXNativeTarget "GooglePlaces tvOSTests" */ = {
			isa = XCConfigurationList;
			buildConfigurations = (
				02EDBE351C781BA600C92D1E /* Debug */,
				02EDBE361C781BA600C92D1E /* Release */,
			);
			defaultConfigurationIsVisible = 0;
			defaultConfigurationName = Release;
		};
/* End XCConfigurationList section */
	};
	rootObject = 02DDFE801C6ECDE7008413ED /* Project object */;
}
